
Microsoft Visual Studio Solution File, Format Version 12.00
# Visual Studio 14
VisualStudioVersion = 14.0.25123.0
MinimumVisualStudioVersion = 10.0.40219.1
Project("{8BC9CEB8-8B4A-11D0-8D11-00A0C91BC942}") = "UnitTest", "UnitTest\UnitTest.vcxproj", "{BD1C0B9D-80FE-49B8-B78D-728625BC8A47}"
	ProjectSection(ProjectDependencies) = postProject
		{BA73692A-001F-4F09-AC64-DB0B5F527838} = {BA73692A-001F-4F09-AC64-DB0B5F527838}
		{785BE8F3-36AC-4D53-9F01-8F470CA72273} = {785BE8F3-36AC-4D53-9F01-8F470CA72273}
	EndProjectSection
EndProject
Project("{8BC9CEB8-8B4A-11D0-8D11-00A0C91BC942}") = "QEdge", "QEdge\QEdge.vcxproj", "{242AB1AA-981D-4696-B9DB-3F1C5EF50DBE}"
EndProject
Project("{8BC9CEB8-8B4A-11D0-8D11-00A0C91BC942}") = "IO", "IO\IO.vcxproj", "{785BE8F3-36AC-4D53-9F01-8F470CA72273}"
	ProjectSection(ProjectDependencies) = postProject
		{242AB1AA-981D-4696-B9DB-3F1C5EF50DBE} = {242AB1AA-981D-4696-B9DB-3F1C5EF50DBE}
	EndProjectSection
EndProject
Project("{8BC9CEB8-8B4A-11D0-8D11-00A0C91BC942}") = "Math", "Math\Math.vcxproj", "{BA73692A-001F-4F09-AC64-DB0B5F527838}"
EndProject
Project("{8BC9CEB8-8B4A-11D0-8D11-00A0C91BC942}") = "Collision", "Collision\Collision.vcxproj", "{6961285B-38AD-4FC0-B3DA-44747F374FC6}"
EndProject
Project("{8BC9CEB8-8B4A-11D0-8D11-00A0C91BC942}") = "Run", "Run\Run.vcxproj", "{650EF905-557D-4AE2-BF0C-ECD46E48D653}"
EndProject
Project("{8BC9CEB8-8B4A-11D0-8D11-00A0C91BC942}") = "Tailor", "Tailor\Tailor.vcxproj", "{07EE2F31-BAC4-453E-BBBA-8EEC99E67DED}"
EndProject
Global
	GlobalSection(SolutionConfigurationPlatforms) = preSolution
		Debug|Win32 = Debug|Win32
		Release|Win32 = Release|Win32
	EndGlobalSection
	GlobalSection(ProjectConfigurationPlatforms) = postSolution
		{BD1C0B9D-80FE-49B8-B78D-728625BC8A47}.Debug|Win32.ActiveCfg = Debug|Win32
		{BD1C0B9D-80FE-49B8-B78D-728625BC8A47}.Debug|Win32.Build.0 = Debug|Win32
		{BD1C0B9D-80FE-49B8-B78D-728625BC8A47}.Release|Win32.ActiveCfg = Release|Win32
		{BD1C0B9D-80FE-49B8-B78D-728625BC8A47}.Release|Win32.Build.0 = Release|Win32
		{242AB1AA-981D-4696-B9DB-3F1C5EF50DBE}.Debug|Win32.ActiveCfg = Debug|Win32
		{242AB1AA-981D-4696-B9DB-3F1C5EF50DBE}.Debug|Win32.Build.0 = Debug|Win32
		{242AB1AA-981D-4696-B9DB-3F1C5EF50DBE}.Release|Win32.ActiveCfg = Release|Win32
		{242AB1AA-981D-4696-B9DB-3F1C5EF50DBE}.Release|Win32.Build.0 = Release|Win32
		{785BE8F3-36AC-4D53-9F01-8F470CA72273}.Debug|Win32.ActiveCfg = Debug|Win32
		{785BE8F3-36AC-4D53-9F01-8F470CA72273}.Debug|Win32.Build.0 = Debug|Win32
		{785BE8F3-36AC-4D53-9F01-8F470CA72273}.Release|Win32.ActiveCfg = Release|Win32
		{785BE8F3-36AC-4D53-9F01-8F470CA72273}.Release|Win32.Build.0 = Release|Win32
		{BA73692A-001F-4F09-AC64-DB0B5F527838}.Debug|Win32.ActiveCfg = Debug|Win32
		{BA73692A-001F-4F09-AC64-DB0B5F527838}.Debug|Win32.Build.0 = Debug|Win32
		{BA73692A-001F-4F09-AC64-DB0B5F527838}.Release|Win32.ActiveCfg = Release|Win32
		{BA73692A-001F-4F09-AC64-DB0B5F527838}.Release|Win32.Build.0 = Release|Win32
		{6961285B-38AD-4FC0-B3DA-44747F374FC6}.Debug|Win32.ActiveCfg = Debug|Win32
		{6961285B-38AD-4FC0-B3DA-44747F374FC6}.Debug|Win32.Build.0 = Debug|Win32
		{6961285B-38AD-4FC0-B3DA-44747F374FC6}.Release|Win32.ActiveCfg = Release|Win32
		{6961285B-38AD-4FC0-B3DA-44747F374FC6}.Release|Win32.Build.0 = Release|Win32
		{650EF905-557D-4AE2-BF0C-ECD46E48D653}.Debug|Win32.ActiveCfg = Debug|Win32
		{650EF905-557D-4AE2-BF0C-ECD46E48D653}.Debug|Win32.Build.0 = Debug|Win32
		{650EF905-557D-4AE2-BF0C-ECD46E48D653}.Release|Win32.ActiveCfg = Release|Win32
		{650EF905-557D-4AE2-BF0C-ECD46E48D653}.Release|Win32.Build.0 = Release|Win32
		{07EE2F31-BAC4-453E-BBBA-8EEC99E67DED}.Debug|Win32.ActiveCfg = Debug|Win32
		{07EE2F31-BAC4-453E-BBBA-8EEC99E67DED}.Debug|Win32.Build.0 = Debug|Win32
		{07EE2F31-BAC4-453E-BBBA-8EEC99E67DED}.Release|Win32.ActiveCfg = Release|Win32
		{07EE2F31-BAC4-453E-BBBA-8EEC99E67DED}.Release|Win32.Build.0 = Release|Win32
	EndGlobalSection
	GlobalSection(SolutionProperties) = preSolution
		HideSolutionNode = FALSE
	EndGlobalSection
EndGlobal
